
Microsoft Visual Studio Solution File, Format Version 12.00
# Visual Studio Version 17
VisualStudioVersion = 17.7.34018.315
MinimumVisualStudioVersion = 10.0.40219.1
Project("{FAE04EC0-301F-11D3-BF4B-00C04F79EFBC}") = "KlinikaWeterynaryjna", "KlinikaWeterynaryjna\KlinikaWeterynaryjna.csproj", "{1AF6EA95-908E-43BC-9D20-4E6F37AD8292}"
EndProject
Global
	GlobalSection(SolutionConfigurationPlatforms) = preSolution
		Debug|Any CPU = Debug|Any CPU
		Release|Any CPU = Release|Any CPU
	EndGlobalSection
	GlobalSection(ProjectConfigurationPlatforms) = postSolution
		{1AF6EA95-908E-43BC-9D20-4E6F37AD8292}.Debug|Any CPU.ActiveCfg = Debug|Any CPU
		{1AF6EA95-908E-43BC-9D20-4E6F37AD8292}.Debug|Any CPU.Build.0 = Debug|Any CPU
		{1AF6EA95-908E-43BC-9D20-4E6F37AD8292}.Release|Any CPU.ActiveCfg = Release|Any CPU
		{1AF6EA95-908E-43BC-9D20-4E6F37AD8292}.Release|Any CPU.Build.0 = Release|Any CPU
	EndGlobalSection
	GlobalSection(SolutionProperties) = preSolution
		HideSolutionNode = FALSE
	EndGlobalSection
	GlobalSection(ExtensibilityGlobals) = postSolution
		SolutionGuid = {8A38A002-EE07-4113-8E43-EA8D69F91B59}
	EndGlobalSection
EndGlobal
